# THIS IS AN AUTOGENERATED FILE. DO NOT EDIT THIS FILE DIRECTLY.
# yarn lockfile v1


big.js@^6.2.2:
  version "6.2.2"
  resolved "https://registry.yarnpkg.com/big.js/-/big.js-6.2.2.tgz#be3bb9ac834558b53b099deef2a1d06ac6368e1a"
  integrity sha512-y/ie+Faknx7sZA5MfGA2xKlu0GDv8RWrXGsmlteyJQ2lvoKv9GBK/fpRMc2qlSoBAgNxrixICFCBefIq8WCQpQ==
