# THIS IS AN AUTOGENERATED FILE. DO NOT EDIT THIS FILE DIRECTLY.
# yarn lockfile v1


"@babel/runtime@^7.10.5", "@babel/runtime@^7.7.2":
  version "7.28.4"
  resolved "https://registry.yarnpkg.com/@babel/runtime/-/runtime-7.28.4.tgz#a70226016fabe25c5783b2f22d3e1c9bc5ca3326"
  integrity sha512-Q/N6JNWvIvPnLDvjlE1OUBLPQHH6l3CltCEsHIujp45zQUSSh8K+gHnaEX45yAT1nyngnINhvWtzN+Nb9D8RAQ==

"@types/node@^24.3.1":
  version "24.3.1"
  resolved "https://registry.yarnpkg.com/@types/node/-/node-24.3.1.tgz#b0a3fb2afed0ef98e8d7f06d46ef6349047709f3"
  integrity sha512-3vXmQDXy+woz+gnrTvuvNrPzekOi+Ds0ReMxw0LzBiK3a+1k0kQn9f2NWk+lgD4rJehFUmYy2gMhJ2ZI+7YP9g==
  dependencies:
    undici-types "~7.10.0"

import-html-entry@^1.15.1:
  version "1.17.0"
  resolved "https://registry.yarnpkg.com/import-html-entry/-/import-html-entry-1.17.0.tgz#65211779b4ebf5a25200308bf0cbc6f831d5e4e1"
  integrity sha512-2SDsRlGlE8bqdnGqsOyiDPEWlzJR0jNW4LWopnZl5QE1Yd0nJ7fykWo2GaKUF7Jq7pR0g3dElhuJHyamTt1gPQ==
  dependencies:
    "@babel/runtime" "^7.7.2"

lodash@^4.17.11:
  version "4.17.21"
  resolved "https://registry.yarnpkg.com/lodash/-/lodash-4.17.21.tgz#679591c564c3bffaae8454cf0b3df370c3d6911c"
  integrity sha512-v2kDEe57lecTulaDIuNTPy3Ry4gLGJ6Z1O3vE1krgXZNrsQ+LFTGHVxVjcXPs17LhbZVGedAJv8XZ1tvj5FvSg==

qiankun@^2.10.16:
  version "2.10.16"
  resolved "https://registry.yarnpkg.com/qiankun/-/qiankun-2.10.16.tgz#46a7ee69258ec0ce2a190dd548683cca71b7767a"
  integrity sha512-Q3tSVUrPnzx8ckEOKIoPnhb5LE28FPKyan/r6jEuGJGqTbIy+3rp6E2/KfU82ZI4yZpef9LFTrnxdj49jAEsmw==
  dependencies:
    "@babel/runtime" "^7.10.5"
    import-html-entry "^1.15.1"
    lodash "^4.17.11"
    single-spa "^5.9.2"

single-spa@^5.9.2:
  version "5.9.5"
  resolved "https://registry.yarnpkg.com/single-spa/-/single-spa-5.9.5.tgz#f47b3c91b009ebc3b224dd1086ef2b2dac524373"
  integrity sha512-9SQdmsyz4HSP+3gs6PJzhkaMEg+6zTlu9oxIghnwUX3eq+ajq4ft5egl0iyR55LAmO/UwvU8NgIWs/ZyQMa6dw==

undici-types@~7.10.0:
  version "7.10.0"
  resolved "https://registry.yarnpkg.com/undici-types/-/undici-types-7.10.0.tgz#4ac2e058ce56b462b056e629cc6a02393d3ff350"
  integrity sha512-t5Fy/nfn+14LuOc2KNYg75vZqClpAiqscVvMygNnlsHBFpSXdJaYtXMcdNLpl/Qvc3P2cB3s6lOV51nqsFq4ag==
